
Microsoft Visual Studio Solution File, Format Version 12.00
# Visual Studio Version 16
VisualStudioVersion = 16.0.28606.126
MinimumVisualStudioVersion = 10.0.40219.1
Project("{9A19103F-16F7-4668-BE54-9A1E7A4F7556}") = "NetCoreIntro", "NetCoreIntro\NetCoreIntro.csproj", "{15C723CF-A6A0-49EE-A39A-FEE229C41EA5}"
EndProject
Project("{FAE04EC0-301F-11D3-BF4B-00C04F79EFBC}") = "NetCoreIntro.Tests", "NetCoreIntro.Tests\NetCoreIntro.Tests.csproj", "{90EF4AAE-7970-47AD-B92D-E4E5DB0E56C3}"
EndProject
Global
	GlobalSection(SolutionConfigurationPlatforms) = preSolution
		Debug|Any CPU = Debug|Any CPU
		Release|Any CPU = Release|Any CPU
	EndGlobalSection
	GlobalSection(ProjectConfigurationPlatforms) = postSolution
		{15C723CF-A6A0-49EE-A39A-FEE229C41EA5}.Debug|Any CPU.ActiveCfg = Debug|Any CPU
		{15C723CF-A6A0-49EE-A39A-FEE229C41EA5}.Debug|Any CPU.Build.0 = Debug|Any CPU
		{15C723CF-A6A0-49EE-A39A-FEE229C41EA5}.Release|Any CPU.ActiveCfg = Release|Any CPU
		{15C723CF-A6A0-49EE-A39A-FEE229C41EA5}.Release|Any CPU.Build.0 = Release|Any CPU
		{90EF4AAE-7970-47AD-B92D-E4E5DB0E56C3}.Debug|Any CPU.ActiveCfg = Debug|Any CPU
		{90EF4AAE-7970-47AD-B92D-E4E5DB0E56C3}.Debug|Any CPU.Build.0 = Debug|Any CPU
		{90EF4AAE-7970-47AD-B92D-E4E5DB0E56C3}.Release|Any CPU.ActiveCfg = Release|Any CPU
		{90EF4AAE-7970-47AD-B92D-E4E5DB0E56C3}.Release|Any CPU.Build.0 = Release|Any CPU
	EndGlobalSection
	GlobalSection(SolutionProperties) = preSolution
		HideSolutionNode = FALSE
	EndGlobalSection
	GlobalSection(ExtensibilityGlobals) = postSolution
		SolutionGuid = {D7D8D5AD-EB01-4D21-B099-D909C38BCFA5}
	EndGlobalSection
EndGlobal
